<Solution>
  <Project Path="Unity.RenderPipelines.Universal.Runtime.csproj" />
  <Project Path="Obvious.Soap.csproj" />
  <Project Path="Assembly-CSharp.csproj" />
  <Project Path="Obvious.Soap.Editor.csproj" />
  <Project Path="CrazyMarket.TestCampus.Runtime.csproj" />
  <Project Path="Assembly-CSharp-Editor.csproj" />
  <Project Path="ExternAttributes.Editor.csproj" />
  <Project Path="CrazyMarket.TestCampus.EditModeTests.csproj" />
  <Project Path="CrazyMarket.TestCampus.Editor.csproj" />
  <Project Path="FlatKit.Utils.Editor.csproj" />
  <Project Path="Bezi.Editor.csproj" />
  <Project Path="CrazyMarket.TestCampus.PlayModeTests.csproj" />
</Solution>
